
Microsoft Visual Studio Solution File, Format Version 12.00
# Visual Studio Version 17
VisualStudioVersion = 17.9.34723.18
MinimumVisualStudioVersion = 10.0.40219.1
Project("{FAE04EC0-301F-11D3-BF4B-00C04F79EFBC}") = "API", "API\API.csproj", "{6BD6B5F2-6CA3-45F8-8665-43E37FFB8AB6}"
EndProject
Project("{FAE04EC0-301F-11D3-BF4B-00C04F79EFBC}") = "Domain", "Domain\Domain.csproj", "{69E43563-3A27-49BE-80CA-3C3565ACEFE4}"
EndProject
Project("{FAE04EC0-301F-11D3-BF4B-00C04F79EFBC}") = "Infrastructure", "Infrastructure\Infrastructure.csproj", "{36EA134F-8510-4216-BD37-CF44C61B08FE}"
EndProject
Project("{FAE04EC0-301F-11D3-BF4B-00C04F79EFBC}") = "Application", "Application\Application.csproj", "{C00E4228-5D22-4759-86F5-FA51749D5F2E}"
EndProject
Global
	GlobalSection(SolutionConfigurationPlatforms) = preSolution
		Debug|Any CPU = Debug|Any CPU
		Release|Any CPU = Release|Any CPU
	EndGlobalSection
	GlobalSection(ProjectConfigurationPlatforms) = postSolution
		{6BD6B5F2-6CA3-45F8-8665-43E37FFB8AB6}.Debug|Any CPU.ActiveCfg = Debug|Any CPU
		{6BD6B5F2-6CA3-45F8-8665-43E37FFB8AB6}.Debug|Any CPU.Build.0 = Debug|Any CPU
		{6BD6B5F2-6CA3-45F8-8665-43E37FFB8AB6}.Release|Any CPU.ActiveCfg = Release|Any CPU
		{6BD6B5F2-6CA3-45F8-8665-43E37FFB8AB6}.Release|Any CPU.Build.0 = Release|Any CPU
		{69E43563-3A27-49BE-80CA-3C3565ACEFE4}.Debug|Any CPU.ActiveCfg = Debug|Any CPU
		{69E43563-3A27-49BE-80CA-3C3565ACEFE4}.Debug|Any CPU.Build.0 = Debug|Any CPU
		{69E43563-3A27-49BE-80CA-3C3565ACEFE4}.Release|Any CPU.ActiveCfg = Release|Any CPU
		{69E43563-3A27-49BE-80CA-3C3565ACEFE4}.Release|Any CPU.Build.0 = Release|Any CPU
		{36EA134F-8510-4216-BD37-CF44C61B08FE}.Debug|Any CPU.ActiveCfg = Debug|Any CPU
		{36EA134F-8510-4216-BD37-CF44C61B08FE}.Debug|Any CPU.Build.0 = Debug|Any CPU
		{36EA134F-8510-4216-BD37-CF44C61B08FE}.Release|Any CPU.ActiveCfg = Release|Any CPU
		{36EA134F-8510-4216-BD37-CF44C61B08FE}.Release|Any CPU.Build.0 = Release|Any CPU
		{C00E4228-5D22-4759-86F5-FA51749D5F2E}.Debug|Any CPU.ActiveCfg = Debug|Any CPU
		{C00E4228-5D22-4759-86F5-FA51749D5F2E}.Debug|Any CPU.Build.0 = Debug|Any CPU
		{C00E4228-5D22-4759-86F5-FA51749D5F2E}.Release|Any CPU.ActiveCfg = Release|Any CPU
		{C00E4228-5D22-4759-86F5-FA51749D5F2E}.Release|Any CPU.Build.0 = Release|Any CPU
	EndGlobalSection
	GlobalSection(SolutionProperties) = preSolution
		HideSolutionNode = FALSE
	EndGlobalSection
	GlobalSection(ExtensibilityGlobals) = postSolution
		SolutionGuid = {3D712BC5-24A7-46CC-B71A-005A94D53F9A}
	EndGlobalSection
EndGlobal
